// !$*UTF8*$!
{
	archiveVersion = 1;
	classes = {
	};
	objectVersion = 42;
	objects = {

/* Begin PBXFileReference section */
		F363B22B0F20EEE900BCBA6D /* main.cpp */ = {isa = PBXFileReference; fileEncoding = 4; lastKnownFileType = sourcecode.cpp.cpp; path = main.cpp; sourceTree = "<group>"; };
/* End PBXFileReference section */

/* Begin PBXGroup section */
		F363B21C0F20EEB500BCBA6D = {
			isa = PBXGroup;
			children = (
				F363B22B0F20EEE900BCBA6D /* main.cpp */,
			);
			sourceTree = "<group>";
		};
/* End PBXGroup section */

/* Begin PBXProject section */
		F363B21E0F20EEB500BCBA6D /* Project object */ = {
			isa = PBXProject;
			buildConfigurationList = F363B2210F20EEB500BCBA6D /* Build configuration list for PBXProject "neutron3D_xCode" */;
			compatibilityVersion = "Xcode 2.4";
			hasScannedForEncodings = 0;
			mainGroup = F363B21C0F20EEB500BCBA6D;
			projectDirPath = "";
			projectRoot = "";
			targets = (
			);
		};
/* End PBXProject section */

/* Begin XCBuildConfiguration section */
		F363B21F0F20EEB500BCBA6D /* Debug */ = {
			isa = XCBuildConfiguration;
			buildSettings = {
				COPY_PHASE_STRIP = NO;
			};
			name = Debug;
		};
		F363B2200F20EEB500BCBA6D /* Release */ = {
			isa = XCBuildConfiguration;
			buildSettings = {
				COPY_PHASE_STRIP = YES;
			};
			name = Release;
		};
/* End XCBuildConfiguration section */

/* Begin XCConfigurationList section */
		F363B2210F20EEB500BCBA6D /* Build configuration list for PBXProject "neutron3D_xCode" */ = {
			isa = XCConfigurationList;
			buildConfigurations = (
				F363B21F0F20EEB500BCBA6D /* Debug */,
				F363B2200F20EEB500BCBA6D /* Release */,
			);
			defaultConfigurationIsVisible = 0;
			defaultConfigurationName = Release;
		};
/* End XCConfigurationList section */
	};
	rootObject = F363B21E0F20EEB500BCBA6D /* Project object */;
}
